// !$*UTF8*$!
{
	archiveVersion = 1;
	classes = {
	};
	objectVersion = 56;
	objects = {

/* Begin PBXBuildFile section */
		7E789D6729C38C570000CEFA /* little_lemon_appApp.swift in Sources */ = {isa = PBXBuildFile; fileRef = 7E789D6629C38C570000CEFA /* little_lemon_appApp.swift */; };
		7E789D6B29C38C580000CEFA /* Assets.xcassets in Resources */ = {isa = PBXBuildFile; fileRef = 7E789D6A29C38C580000CEFA /* Assets.xcassets */; };
		7E789D6E29C38C580000CEFA /* Preview Assets.xcassets in Resources */ = {isa = PBXBuildFile; fileRef = 7E789D6D29C38C580000CEFA /* Preview Assets.xcassets */; };
		7E789D7529C38C9D0000CEFA /* Onboarding.swift in Sources */ = {isa = PBXBuildFile; fileRef = 7E789D7429C38C9D0000CEFA /* Onboarding.swift */; };
		7E789D7729C38CB90000CEFA /* Menu.swift in Sources */ = {isa = PBXBuildFile; fileRef = 7E789D7629C38CB90000CEFA /* Menu.swift */; };
		7E789D7929C38CE10000CEFA /* Home.swift in Sources */ = {isa = PBXBuildFile; fileRef = 7E789D7829C38CE10000CEFA /* Home.swift */; };
		7E789D7B29C38D0B0000CEFA /* UserProfile.swift in Sources */ = {isa = PBXBuildFile; fileRef = 7E789D7A29C38D0B0000CEFA /* UserProfile.swift */; };
		7E789D7D29C38D260000CEFA /* Header.swift in Sources */ = {isa = PBXBuildFile; fileRef = 7E789D7C29C38D260000CEFA /* Header.swift */; };
		7E789D9129C38DAF0000CEFA /* MenuItem.swift in Sources */ = {isa = PBXBuildFile; fileRef = 7E789D9029C38DAF0000CEFA /* MenuItem.swift */; };
		7E789D9329C38DD40000CEFA /* MenuList.swift in Sources */ = {isa = PBXBuildFile; fileRef = 7E789D9229C38DD40000CEFA /* MenuList.swift */; };
		7E789D9629C38F440000CEFA /* FetchedObjects.swift in Sources */ = {isa = PBXBuildFile; fileRef = 7E789D9529C38F440000CEFA /* FetchedObjects.swift */; };
		7E789D9829C38F4A0000CEFA /* Persistence.swift in Sources */ = {isa = PBXBuildFile; fileRef = 7E789D9729C38F4A0000CEFA /* Persistence.swift */; };
		7E789D9B29C3945C0000CEFA /* ExampleDatabase.xcdatamodeld in Sources */ = {isa = PBXBuildFile; fileRef = 7E789D9929C3945C0000CEFA /* ExampleDatabase.xcdatamodeld */; };
/* End PBXBuildFile section */

/* Begin PBXFileReference section */
		7E789D6329C38C570000CEFA /* little-lemon-app.app */ = {isa = PBXFileReference; explicitFileType = wrapper.application; includeInIndex = 0; path = "little-lemon-app.app"; sourceTree = BUILT_PRODUCTS_DIR; };
		7E789D6629C38C570000CEFA /* little_lemon_appApp.swift */ = {isa = PBXFileReference; lastKnownFileType = sourcecode.swift; path = little_lemon_appApp.swift; sourceTree = "<group>"; };
		7E789D6A29C38C580000CEFA /* Assets.xcassets */ = {isa = PBXFileReference; lastKnownFileType = folder.assetcatalog; path = Assets.xcassets; sourceTree = "<group>"; };
		7E789D6D29C38C580000CEFA /* Preview Assets.xcassets */ = {isa = PBXFileReference; lastKnownFileType = folder.assetcatalog; path = "Preview Assets.xcassets"; sourceTree = "<group>"; };
		7E789D7429C38C9D0000CEFA /* Onboarding.swift */ = {isa = PBXFileReference; lastKnownFileType = sourcecode.swift; path = Onboarding.swift; sourceTree = "<group>"; };
		7E789D7629C38CB90000CEFA /* Menu.swift */ = {isa = PBXFileReference; lastKnownFileType = sourcecode.swift; path = Menu.swift; sourceTree = "<group>"; };
		7E789D7829C38CE10000CEFA /* Home.swift */ = {isa = PBXFileReference; lastKnownFileType = sourcecode.swift; path = Home.swift; sourceTree = "<group>"; };
		7E789D7A29C38D0B0000CEFA /* UserProfile.swift */ = {isa = PBXFileReference; lastKnownFileType = sourcecode.swift; path = UserProfile.swift; sourceTree = "<group>"; };
		7E789D7C29C38D260000CEFA /* Header.swift */ = {isa = PBXFileReference; lastKnownFileType = sourcecode.swift; path = Header.swift; sourceTree = "<group>"; };
		7E789D9029C38DAF0000CEFA /* MenuItem.swift */ = {isa = PBXFileReference; lastKnownFileType = sourcecode.swift; path = MenuItem.swift; sourceTree = "<group>"; };
		7E789D9229C38DD40000CEFA /* MenuList.swift */ = {isa = PBXFileReference; lastKnownFileType = sourcecode.swift; path = MenuList.swift; sourceTree = "<group>"; };
		7E789D9529C38F440000CEFA /* FetchedObjects.swift */ = {isa = PBXFileReference; fileEncoding = 4; lastKnownFileType = sourcecode.swift; path = FetchedObjects.swift; sourceTree = "<group>"; };
		7E789D9729C38F4A0000CEFA /* Persistence.swift */ = {isa = PBXFileReference; fileEncoding = 4; lastKnownFileType = sourcecode.swift; path = Persistence.swift; sourceTree = "<group>"; };
		7E789D9A29C3945C0000CEFA /* ExampleDatabase.xcdatamodel */ = {isa = PBXFileReference; lastKnownFileType = wrapper.xcdatamodel; path = ExampleDatabase.xcdatamodel; sourceTree = "<group>"; };
/* End PBXFileReference section */

/* Begin PBXFrameworksBuildPhase section */
		7E789D6029C38C570000CEFA /* Frameworks */ = {
			isa = PBXFrameworksBuildPhase;
			buildActionMask = 2147483647;
			files = (
			);
			runOnlyForDeploymentPostprocessing = 0;
		};
/* End PBXFrameworksBuildPhase section */

/* Begin PBXGroup section */
		7E789D5A29C38C570000CEFA = {
			isa = PBXGroup;
			children = (
				7E789D6529C38C570000CEFA /* little-lemon-app */,
				7E789D6429C38C570000CEFA /* Products */,
			);
			sourceTree = "<group>";
		};
		7E789D6429C38C570000CEFA /* Products */ = {
			isa = PBXGroup;
			children = (
				7E789D6329C38C570000CEFA /* little-lemon-app.app */,
			);
			name = Products;
			sourceTree = "<group>";
		};
		7E789D6529C38C570000CEFA /* little-lemon-app */ = {
			isa = PBXGroup;
			children = (
				7E789D6629C38C570000CEFA /* little_lemon_appApp.swift */,
				7E789D7429C38C9D0000CEFA /* Onboarding.swift */,
				7E789D7629C38CB90000CEFA /* Menu.swift */,
				7E789D9929C3945C0000CEFA /* ExampleDatabase.xcdatamodeld */,
				7E789D7A29C38D0B0000CEFA /* UserProfile.swift */,
				7E789D7C29C38D260000CEFA /* Header.swift */,
				7E789D7829C38CE10000CEFA /* Home.swift */,
				7E789D9529C38F440000CEFA /* FetchedObjects.swift */,
				7E789D9729C38F4A0000CEFA /* Persistence.swift */,
				7E789D6A29C38C580000CEFA /* Assets.xcassets */,
				7E789D9429C38F0B0000CEFA /* Models */,
				7E789D6C29C38C580000CEFA /* Preview Content */,
			);
			path = "little-lemon-app";
			sourceTree = "<group>";
		};
		7E789D6C29C38C580000CEFA /* Preview Content */ = {
			isa = PBXGroup;
			children = (
				7E789D6D29C38C580000CEFA /* Preview Assets.xcassets */,
			);
			path = "Preview Content";
			sourceTree = "<group>";
		};
		7E789D9429C38F0B0000CEFA /* Models */ = {
			isa = PBXGroup;
			children = (
				7E789D9029C38DAF0000CEFA /* MenuItem.swift */,
				7E789D9229C38DD40000CEFA /* MenuList.swift */,
			);
			path = Models;
			sourceTree = "<group>";
		};
/* End PBXGroup section */

/* Begin PBXNativeTarget section */
		7E789D6229C38C570000CEFA /* little-lemon-app */ = {
			isa = PBXNativeTarget;
			buildConfigurationList = 7E789D7129C38C580000CEFA /* Build configuration list for PBXNativeTarget "little-lemon-app" */;
			buildPhases = (
				7E789D5F29C38C570000CEFA /* Sources */,
				7E789D6029C38C570000CEFA /* Frameworks */,
				7E789D6129C38C570000CEFA /* Resources */,
			);
			buildRules = (
			);
			dependencies = (
			);
			name = "little-lemon-app";
			productName = "little-lemon-app";
			productReference = 7E789D6329C38C570000CEFA /* little-lemon-app.app */;
			productType = "com.apple.product-type.application";
		};
/* End PBXNativeTarget section */

/* Begin PBXProject section */
		7E789D5B29C38C570000CEFA /* Project object */ = {
			isa = PBXProject;
			attributes = {
				BuildIndependentTargetsInParallel = 1;
				LastSwiftUpdateCheck = 1420;
				LastUpgradeCheck = 1420;
				TargetAttributes = {
					7E789D6229C38C570000CEFA = {
						CreatedOnToolsVersion = 14.2;
					};
				};
			};
			buildConfigurationList = 7E789D5E29C38C570000CEFA /* Build configuration list for PBXProject "little-lemon-app" */;
			compatibilityVersion = "Xcode 14.0";
			developmentRegion = en;
			hasScannedForEncodings = 0;
			knownRegions = (
				en,
				Base,
			);
			mainGroup = 7E789D5A29C38C570000CEFA;
			productRefGroup = 7E789D6429C38C570000CEFA /* Products */;
			projectDirPath = "";
			projectRoot = "";
			targets = (
				7E789D6229C38C570000CEFA /* little-lemon-app */,
			);
		};
/* End PBXProject section */

/* Begin PBXResourcesBuildPhase section */
		7E789D6129C38C570000CEFA /* Resources */ = {
			isa = PBXResourcesBuildPhase;
			buildActionMask = 2147483647;
			files = (
				7E789D6E29C38C580000CEFA /* Preview Assets.xcassets in Resources */,
				7E789D6B29C38C580000CEFA /* Assets.xcassets in Resources */,
			);
			runOnlyForDeploymentPostprocessing = 0;
		};
/* End PBXResourcesBuildPhase section */

/* Begin PBXSourcesBuildPhase section */
		7E789D5F29C38C570000CEFA /* Sources */ = {
			isa = PBXSourcesBuildPhase;
			buildActionMask = 2147483647;
			files = (
				7E789D9B29C3945C0000CEFA /* ExampleDatabase.xcdatamodeld in Sources */,
				7E789D7529C38C9D0000CEFA /* Onboarding.swift in Sources */,
				7E789D7B29C38D0B0000CEFA /* UserProfile.swift in Sources */,
				7E789D7D29C38D260000CEFA /* Header.swift in Sources */,
				7E789D7929C38CE10000CEFA /* Home.swift in Sources */,
				7E789D9129C38DAF0000CEFA /* MenuItem.swift in Sources */,
				7E789D7729C38CB90000CEFA /* Menu.swift in Sources */,
				7E789D9329C38DD40000CEFA /* MenuList.swift in Sources */,
				7E789D6729C38C570000CEFA /* little_lemon_appApp.swift in Sources */,
				7E789D9629C38F440000CEFA /* FetchedObjects.swift in Sources */,
				7E789D9829C38F4A0000CEFA /* Persistence.swift in Sources */,
			);
			runOnlyForDeploymentPostprocessing = 0;
		};
/* End PBXSourcesBuildPhase section */

/* Begin XCBuildConfiguration section */
		7E789D6F29C38C580000CEFA /* Debug */ = {
			isa = XCBuildConfiguration;
			buildSettings = {
				ALWAYS_SEARCH_USER_PATHS = NO;
				CLANG_ANALYZER_NONNULL = YES;
				CLANG_ANALYZER_NUMBER_OBJECT_CONVERSION = YES_AGGRESSIVE;
				CLANG_CXX_LANGUAGE_STANDARD = "gnu++20";
				CLANG_ENABLE_MODULES = YES;
				CLANG_ENABLE_OBJC_ARC = YES;
				CLANG_ENABLE_OBJC_WEAK = YES;
				CLANG_WARN_BLOCK_CAPTURE_AUTORELEASING = YES;
				CLANG_WARN_BOOL_CONVERSION = YES;
				CLANG_WARN_COMMA = YES;
				CLANG_WARN_CONSTANT_CONVERSION = YES;
				CLANG_WARN_DEPRECATED_OBJC_IMPLEMENTATIONS = YES;
				CLANG_WARN_DIRECT_OBJC_ISA_USAGE = YES_ERROR;
				CLANG_WARN_DOCUMENTATION_COMMENTS = YES;
				CLANG_WARN_EMPTY_BODY = YES;
				CLANG_WARN_ENUM_CONVERSION = YES;
				CLANG_WARN_INFINITE_RECURSION = YES;
				CLANG_WARN_INT_CONVERSION = YES;
				CLANG_WARN_NON_LITERAL_NULL_CONVERSION = YES;
				CLANG_WARN_OBJC_IMPLICIT_RETAIN_SELF = YES;
				CLANG_WARN_OBJC_LITERAL_CONVERSION = YES;
				CLANG_WARN_OBJC_ROOT_CLASS = YES_ERROR;
				CLANG_WARN_QUOTED_INCLUDE_IN_FRAMEWORK_HEADER = YES;
				CLANG_WARN_RANGE_LOOP_ANALYSIS = YES;
				CLANG_WARN_STRICT_PROTOTYPES = YES;
				CLANG_WARN_SUSPICIOUS_MOVE = YES;
				CLANG_WARN_UNGUARDED_AVAILABILITY = YES_AGGRESSIVE;
				CLANG_WARN_UNREACHABLE_CODE = YES;
				CLANG_WARN__DUPLICATE_METHOD_MATCH = YES;
				COPY_PHASE_STRIP = NO;
				DEBUG_INFORMATION_FORMAT = dwarf;
				ENABLE_STRICT_OBJC_MSGSEND = YES;
				ENABLE_TESTABILITY = YES;
				GCC_C_LANGUAGE_STANDARD = gnu11;
				GCC_DYNAMIC_NO_PIC = NO;
				GCC_NO_COMMON_BLOCKS = YES;
				GCC_OPTIMIZATION_LEVEL = 0;
				GCC_PREPROCESSOR_DEFINITIONS = (
					"DEBUG=1",
					"$(inherited)",
				);
				GCC_WARN_64_TO_32_BIT_CONVERSION = YES;
				GCC_WARN_ABOUT_RETURN_TYPE = YES_ERROR;
				GCC_WARN_UNDECLARED_SELECTOR = YES;
				GCC_WARN_UNINITIALIZED_AUTOS = YES_AGGRESSIVE;
				GCC_WARN_UNUSED_FUNCTION = YES;
				GCC_WARN_UNUSED_VARIABLE = YES;
				IPHONEOS_DEPLOYMENT_TARGET = 16.2;
				MTL_ENABLE_DEBUG_INFO = INCLUDE_SOURCE;
				MTL_FAST_MATH = YES;
				ONLY_ACTIVE_ARCH = YES;
				SDKROOT = iphoneos;
				SWIFT_ACTIVE_COMPILATION_CONDITIONS = DEBUG;
				SWIFT_OPTIMIZATION_LEVEL = "-Onone";
			};
			name = Debug;
		};
		7E789D7029C38C580000CEFA /* Release */ = {
			isa = XCBuildConfiguration;
			buildSettings = {
				ALWAYS_SEARCH_USER_PATHS = NO;
				CLANG_ANALYZER_NONNULL = YES;
				CLANG_ANALYZER_NUMBER_OBJECT_CONVERSION = YES_AGGRESSIVE;
				CLANG_CXX_LANGUAGE_STANDARD = "gnu++20";
				CLANG_ENABLE_MODULES = YES;
				CLANG_ENABLE_OBJC_ARC = YES;
				CLANG_ENABLE_OBJC_WEAK = YES;
				CLANG_WARN_BLOCK_CAPTURE_AUTORELEASING = YES;
				CLANG_WARN_BOOL_CONVERSION = YES;
				CLANG_WARN_COMMA = YES;
				CLANG_WARN_CONSTANT_CONVERSION = YES;
				CLANG_WARN_DEPRECATED_OBJC_IMPLEMENTATIONS = YES;
				CLANG_WARN_DIRECT_OBJC_ISA_USAGE = YES_ERROR;
				CLANG_WARN_DOCUMENTATION_COMMENTS = YES;
				CLANG_WARN_EMPTY_BODY = YES;
				CLANG_WARN_ENUM_CONVERSION = YES;
				CLANG_WARN_INFINITE_RECURSION = YES;
				CLANG_WARN_INT_CONVERSION = YES;
				CLANG_WARN_NON_LITERAL_NULL_CONVERSION = YES;
				CLANG_WARN_OBJC_IMPLICIT_RETAIN_SELF = YES;
				CLANG_WARN_OBJC_LITERAL_CONVERSION = YES;
				CLANG_WARN_OBJC_ROOT_CLASS = YES_ERROR;
				CLANG_WARN_QUOTED_INCLUDE_IN_FRAMEWORK_HEADER = YES;
				CLANG_WARN_RANGE_LOOP_ANALYSIS = YES;
				CLANG_WARN_STRICT_PROTOTYPES = YES;
				CLANG_WARN_SUSPICIOUS_MOVE = YES;
				CLANG_WARN_UNGUARDED_AVAILABILITY = YES_AGGRESSIVE;
				CLANG_WARN_UNREACHABLE_CODE = YES;
				CLANG_WARN__DUPLICATE_METHOD_MATCH = YES;
				COPY_PHASE_STRIP = NO;
				DEBUG_INFORMATION_FORMAT = "dwarf-with-dsym";
				ENABLE_NS_ASSERTIONS = NO;
				ENABLE_STRICT_OBJC_MSGSEND = YES;
				GCC_C_LANGUAGE_STANDARD = gnu11;
				GCC_NO_COMMON_BLOCKS = YES;
				GCC_WARN_64_TO_32_BIT_CONVERSION = YES;
				GCC_WARN_ABOUT_RETURN_TYPE = YES_ERROR;
				GCC_WARN_UNDECLARED_SELECTOR = YES;
				GCC_WARN_UNINITIALIZED_AUTOS = YES_AGGRESSIVE;
				GCC_WARN_UNUSED_FUNCTION = YES;
				GCC_WARN_UNUSED_VARIABLE = YES;
				IPHONEOS_DEPLOYMENT_TARGET = 16.2;
				MTL_ENABLE_DEBUG_INFO = NO;
				MTL_FAST_MATH = YES;
				SDKROOT = iphoneos;
				SWIFT_COMPILATION_MODE = wholemodule;
				SWIFT_OPTIMIZATION_LEVEL = "-O";
				VALIDATE_PRODUCT = YES;
			};
			name = Release;
		};
		7E789D7229C38C580000CEFA /* Debug */ = {
			isa = XCBuildConfiguration;
			buildSettings = {
				ASSETCATALOG_COMPILER_APPICON_NAME = AppIcon;
				ASSETCATALOG_COMPILER_GLOBAL_ACCENT_COLOR_NAME = AccentColor;
				CODE_SIGN_STYLE = Automatic;
				CURRENT_PROJECT_VERSION = 1;
				DEVELOPMENT_ASSET_PATHS = "\"little-lemon-app/Preview Content\"";
				DEVELOPMENT_TEAM = ZR2XR73U54;
				ENABLE_PREVIEWS = YES;
				GENERATE_INFOPLIST_FILE = YES;
				INFOPLIST_KEY_UIApplicationSceneManifest_Generation = YES;
				INFOPLIST_KEY_UIApplicationSupportsIndirectInputEvents = YES;
				INFOPLIST_KEY_UILaunchScreen_Generation = YES;
				INFOPLIST_KEY_UISupportedInterfaceOrientations_iPad = "UIInterfaceOrientationPortrait UIInterfaceOrientationPortraitUpsideDown UIInterfaceOrientationLandscapeLeft UIInterfaceOrientationLandscapeRight";
				INFOPLIST_KEY_UISupportedInterfaceOrientations_iPhone = "UIInterfaceOrientationPortrait UIInterfaceOrientationLandscapeLeft UIInterfaceOrientationLandscapeRight";
				LD_RUNPATH_SEARCH_PATHS = (
					"$(inherited)",
					"@executable_path/Frameworks",
				);
				MARKETING_VERSION = 1.0;
				PRODUCT_BUNDLE_IDENTIFIER = "vssndrs.little-lemon-app";
				PRODUCT_NAME = "$(TARGET_NAME)";
				SWIFT_EMIT_LOC_STRINGS = YES;
				SWIFT_VERSION = 5.0;
				TARGETED_DEVICE_FAMILY = "1,2";
			};
			name = Debug;
		};
		7E789D7329C38C580000CEFA /* Release */ = {
			isa = XCBuildConfiguration;
			buildSettings = {
				ASSETCATALOG_COMPILER_APPICON_NAME = AppIcon;
				ASSETCATALOG_COMPILER_GLOBAL_ACCENT_COLOR_NAME = AccentColor;
				CODE_SIGN_STYLE = Automatic;
				CURRENT_PROJECT_VERSION = 1;
				DEVELOPMENT_ASSET_PATHS = "\"little-lemon-app/Preview Content\"";
				DEVELOPMENT_TEAM = ZR2XR73U54;
				ENABLE_PREVIEWS = YES;
				GENERATE_INFOPLIST_FILE = YES;
				INFOPLIST_KEY_UIApplicationSceneManifest_Generation = YES;
				INFOPLIST_KEY_UIApplicationSupportsIndirectInputEvents = YES;
				INFOPLIST_KEY_UILaunchScreen_Generation = YES;
				INFOPLIST_KEY_UISupportedInterfaceOrientations_iPad = "UIInterfaceOrientationPortrait UIInterfaceOrientationPortraitUpsideDown UIInterfaceOrientationLandscapeLeft UIInterfaceOrientationLandscapeRight";
				INFOPLIST_KEY_UISupportedInterfaceOrientations_iPhone = "UIInterfaceOrientationPortrait UIInterfaceOrientationLandscapeLeft UIInterfaceOrientationLandscapeRight";
				LD_RUNPATH_SEARCH_PATHS = (
					"$(inherited)",
					"@executable_path/Frameworks",
				);
				MARKETING_VERSION = 1.0;
				PRODUCT_BUNDLE_IDENTIFIER = "vssndrs.little-lemon-app";
				PRODUCT_NAME = "$(TARGET_NAME)";
				SWIFT_EMIT_LOC_STRINGS = YES;
				SWIFT_VERSION = 5.0;
				TARGETED_DEVICE_FAMILY = "1,2";
			};
			name = Release;
		};
/* End XCBuildConfiguration section */

/* Begin XCConfigurationList section */
		7E789D5E29C38C570000CEFA /* Build configuration list for PBXProject "little-lemon-app" */ = {
			isa = XCConfigurationList;
			buildConfigurations = (
				7E789D6F29C38C580000CEFA /* Debug */,
				7E789D7029C38C580000CEFA /* Release */,
			);
			defaultConfigurationIsVisible = 0;
			defaultConfigurationName = Release;
		};
		7E789D7129C38C580000CEFA /* Build configuration list for PBXNativeTarget "little-lemon-app" */ = {
			isa = XCConfigurationList;
			buildConfigurations = (
				7E789D7229C38C580000CEFA /* Debug */,
				7E789D7329C38C580000CEFA /* Release */,
			);
			defaultConfigurationIsVisible = 0;
			defaultConfigurationName = Release;
		};
/* End XCConfigurationList section */

/* Begin XCVersionGroup section */
		7E789D9929C3945C0000CEFA /* ExampleDatabase.xcdatamodeld */ = {
			isa = XCVersionGroup;
			children = (
				7E789D9A29C3945C0000CEFA /* ExampleDatabase.xcdatamodel */,
			);
			currentVersion = 7E789D9A29C3945C0000CEFA /* ExampleDatabase.xcdatamodel */;
			path = ExampleDatabase.xcdatamodeld;
			sourceTree = "<group>";
			versionGroupType = wrapper.xcdatamodel;
		};
/* End XCVersionGroup section */
	};
	rootObject = 7E789D5B29C38C570000CEFA /* Project object */;
}
